
Microsoft Visual Studio Solution File, Format Version 12.00
# Visual Studio Version 16
VisualStudioVersion = 16.0.33423.256
MinimumVisualStudioVersion = 10.0.40219.1
Project("{888888A0-9F3D-457C-B088-3A5042F75D52}") = "Bot", "Bot.pyproj", "{5104F3F5-1FF7-46E6-A3DB-355ADCB032DB}"
EndProject
Global
	GlobalSection(SolutionConfigurationPlatforms) = preSolution
		Debug|Any CPU = Debug|Any CPU
		Release|Any CPU = Release|Any CPU
	EndGlobalSection
	GlobalSection(ProjectConfigurationPlatforms) = postSolution
		{5104F3F5-1FF7-46E6-A3DB-355ADCB032DB}.Debug|Any CPU.ActiveCfg = Debug|Any CPU
		{5104F3F5-1FF7-46E6-A3DB-355ADCB032DB}.Release|Any CPU.ActiveCfg = Release|Any CPU
	EndGlobalSection
	GlobalSection(SolutionProperties) = preSolution
		HideSolutionNode = FALSE
	EndGlobalSection
	GlobalSection(ExtensibilityGlobals) = postSolution
		SolutionGuid = {0C48501D-BBEE-49EF-9288-291F64AE8807}
	EndGlobalSection
EndGlobal
